// !$*UTF8*$!
{
	archiveVersion = 1;
	classes = {
	};
	objectVersion = 46;
	objects = {

/* Begin PBXBuildFile section */
		4E6977531B7EA4510072D46C /* AppDelegate.m in Sources */ = {isa = PBXBuildFile; fileRef = 4E6977521B7EA4510072D46C /* AppDelegate.m */; };
		4E6977551B7EA4510072D46C /* main.m in Sources */ = {isa = PBXBuildFile; fileRef = 4E6977541B7EA4510072D46C /* main.m */; };
		4E6977581B7EA4510072D46C /* ViewController.m in Sources */ = {isa = PBXBuildFile; fileRef = 4E6977571B7EA4510072D46C /* ViewController.m */; };
		4E69775A1B7EA4510072D46C /* Images.xcassets in Resources */ = {isa = PBXBuildFile; fileRef = 4E6977591B7EA4510072D46C /* Images.xcassets */; };
		4E69775D1B7EA4510072D46C /* Main.storyboard in Resources */ = {isa = PBXBuildFile; fileRef = 4E69775B1B7EA4510072D46C /* Main.storyboard */; };
		4E6977921B7EA6E80072D46C /* libSITUBluetoothOSX.a in Frameworks */ = {isa = PBXBuildFile; fileRef = 4E6977911B7EA6E80072D46C /* libSITUBluetoothOSX.a */; };
		4E7837991B45C47C0015E2FA /* main.m in Sources */ = {isa = PBXBuildFile; fileRef = 4E7837981B45C47C0015E2FA /* main.m */; };
		4E78379C1B45C47C0015E2FA /* AppDelegate.m in Sources */ = {isa = PBXBuildFile; fileRef = 4E78379B1B45C47C0015E2FA /* AppDelegate.m */; };
		4E78379F1B45C47C0015E2FA /* ViewController.m in Sources */ = {isa = PBXBuildFile; fileRef = 4E78379E1B45C47C0015E2FA /* ViewController.m */; };
		4E7837A21B45C47C0015E2FA /* Main.storyboard in Resources */ = {isa = PBXBuildFile; fileRef = 4E7837A01B45C47C0015E2FA /* Main.storyboard */; };
		4E7837A41B45C47C0015E2FA /* Images.xcassets in Resources */ = {isa = PBXBuildFile; fileRef = 4E7837A31B45C47C0015E2FA /* Images.xcassets */; };
		4E7837A71B45C47C0015E2FA /* LaunchScreen.xib in Resources */ = {isa = PBXBuildFile; fileRef = 4E7837A51B45C47C0015E2FA /* LaunchScreen.xib */; };
		4E7837D41B45FAE70015E2FA /* libSITUBluetooth.a in Frameworks */ = {isa = PBXBuildFile; fileRef = 4E7837D31B45FAE70015E2FA /* libSITUBluetooth.a */; };
		4E8DC1681C56E8E700E9D733 /* AppDelegate.swift in Sources */ = {isa = PBXBuildFile; fileRef = 4E8DC1671C56E8E700E9D733 /* AppDelegate.swift */; };
		4E8DC16A1C56E8E700E9D733 /* ViewController.swift in Sources */ = {isa = PBXBuildFile; fileRef = 4E8DC1691C56E8E700E9D733 /* ViewController.swift */; };
		4E8DC16D1C56E8E700E9D733 /* Main.storyboard in Resources */ = {isa = PBXBuildFile; fileRef = 4E8DC16B1C56E8E700E9D733 /* Main.storyboard */; };
		4E8DC16F1C56E8E700E9D733 /* Assets.xcassets in Resources */ = {isa = PBXBuildFile; fileRef = 4E8DC16E1C56E8E700E9D733 /* Assets.xcassets */; };
		4E8DC1721C56E8E700E9D733 /* LaunchScreen.storyboard in Resources */ = {isa = PBXBuildFile; fileRef = 4E8DC1701C56E8E700E9D733 /* LaunchScreen.storyboard */; };
		4E8DC1781C56E90000E9D733 /* SITUBluetooth.framework in Frameworks */ = {isa = PBXBuildFile; fileRef = 4E8DC1771C56E90000E9D733 /* SITUBluetooth.framework */; };
		4E8DC17A1C56EBB300E9D733 /* SITUBluetooth.framework in Embed Frameworks */ = {isa = PBXBuildFile; fileRef = 4E8DC1771C56E90000E9D733 /* SITUBluetooth.framework */; settings = {ATTRIBUTES = (CodeSignOnCopy, RemoveHeadersOnCopy, ); }; };
/* End PBXBuildFile section */

/* Begin PBXCopyFilesBuildPhase section */
		4E8DC17B1C56EBB300E9D733 /* Embed Frameworks */ = {
			isa = PBXCopyFilesBuildPhase;
			buildActionMask = 2147483647;
			dstPath = "";
			dstSubfolderSpec = 10;
			files = (
				4E8DC17A1C56EBB300E9D733 /* SITUBluetooth.framework in Embed Frameworks */,
			);
			name = "Embed Frameworks";
			runOnlyForDeploymentPostprocessing = 0;
		};
/* End PBXCopyFilesBuildPhase section */

/* Begin PBXFileReference section */
		4E69774D1B7EA4510072D46C /* SITUBluetoothSampleOSX.app */ = {isa = PBXFileReference; explicitFileType = wrapper.application; includeInIndex = 0; path = SITUBluetoothSampleOSX.app; sourceTree = BUILT_PRODUCTS_DIR; };
		4E6977501B7EA4510072D46C /* Info.plist */ = {isa = PBXFileReference; lastKnownFileType = text.plist.xml; path = Info.plist; sourceTree = "<group>"; };
		4E6977511B7EA4510072D46C /* AppDelegate.h */ = {isa = PBXFileReference; lastKnownFileType = sourcecode.c.h; path = AppDelegate.h; sourceTree = "<group>"; };
		4E6977521B7EA4510072D46C /* AppDelegate.m */ = {isa = PBXFileReference; lastKnownFileType = sourcecode.c.objc; path = AppDelegate.m; sourceTree = "<group>"; };
		4E6977541B7EA4510072D46C /* main.m */ = {isa = PBXFileReference; lastKnownFileType = sourcecode.c.objc; path = main.m; sourceTree = "<group>"; };
		4E6977561B7EA4510072D46C /* ViewController.h */ = {isa = PBXFileReference; lastKnownFileType = sourcecode.c.h; path = ViewController.h; sourceTree = "<group>"; };
		4E6977571B7EA4510072D46C /* ViewController.m */ = {isa = PBXFileReference; lastKnownFileType = sourcecode.c.objc; path = ViewController.m; sourceTree = "<group>"; };
		4E6977591B7EA4510072D46C /* Images.xcassets */ = {isa = PBXFileReference; lastKnownFileType = folder.assetcatalog; path = Images.xcassets; sourceTree = "<group>"; };
		4E69775C1B7EA4510072D46C /* Base */ = {isa = PBXFileReference; lastKnownFileType = file.storyboard; name = Base; path = Base.lproj/Main.storyboard; sourceTree = "<group>"; };
		4E6977911B7EA6E80072D46C /* libSITUBluetoothOSX.a */ = {isa = PBXFileReference; lastKnownFileType = archive.ar; path = libSITUBluetoothOSX.a; sourceTree = "<group>"; };
		4E7837931B45C47C0015E2FA /* SITUBluetoothSample.app */ = {isa = PBXFileReference; explicitFileType = wrapper.application; includeInIndex = 0; path = SITUBluetoothSample.app; sourceTree = BUILT_PRODUCTS_DIR; };
		4E7837971B45C47C0015E2FA /* Info.plist */ = {isa = PBXFileReference; lastKnownFileType = text.plist.xml; path = Info.plist; sourceTree = "<group>"; };
		4E7837981B45C47C0015E2FA /* main.m */ = {isa = PBXFileReference; lastKnownFileType = sourcecode.c.objc; path = main.m; sourceTree = "<group>"; };
		4E78379A1B45C47C0015E2FA /* AppDelegate.h */ = {isa = PBXFileReference; lastKnownFileType = sourcecode.c.h; path = AppDelegate.h; sourceTree = "<group>"; };
		4E78379B1B45C47C0015E2FA /* AppDelegate.m */ = {isa = PBXFileReference; lastKnownFileType = sourcecode.c.objc; path = AppDelegate.m; sourceTree = "<group>"; };
		4E78379D1B45C47C0015E2FA /* ViewController.h */ = {isa = PBXFileReference; lastKnownFileType = sourcecode.c.h; path = ViewController.h; sourceTree = "<group>"; };
		4E78379E1B45C47C0015E2FA /* ViewController.m */ = {isa = PBXFileReference; lastKnownFileType = sourcecode.c.objc; path = ViewController.m; sourceTree = "<group>"; };
		4E7837A11B45C47C0015E2FA /* Base */ = {isa = PBXFileReference; lastKnownFileType = file.storyboard; name = Base; path = Base.lproj/Main.storyboard; sourceTree = "<group>"; };
		4E7837A31B45C47C0015E2FA /* Images.xcassets */ = {isa = PBXFileReference; lastKnownFileType = folder.assetcatalog; path = Images.xcassets; sourceTree = "<group>"; };
		4E7837A61B45C47C0015E2FA /* Base */ = {isa = PBXFileReference; lastKnownFileType = file.xib; name = Base; path = Base.lproj/LaunchScreen.xib; sourceTree = "<group>"; };
		4E7837D11B45FAE70015E2FA /* SITUBluetoothScaleController.h */ = {isa = PBXFileReference; fileEncoding = 4; lastKnownFileType = sourcecode.c.h; path = SITUBluetoothScaleController.h; sourceTree = "<group>"; };
		4E7837D31B45FAE70015E2FA /* libSITUBluetooth.a */ = {isa = PBXFileReference; lastKnownFileType = archive.ar; path = libSITUBluetooth.a; sourceTree = "<group>"; };
		4E8DC1651C56E8E700E9D733 /* SITUBluetoothSwiftSample.app */ = {isa = PBXFileReference; explicitFileType = wrapper.application; includeInIndex = 0; path = SITUBluetoothSwiftSample.app; sourceTree = BUILT_PRODUCTS_DIR; };
		4E8DC1671C56E8E700E9D733 /* AppDelegate.swift */ = {isa = PBXFileReference; lastKnownFileType = sourcecode.swift; path = AppDelegate.swift; sourceTree = "<group>"; };
		4E8DC1691C56E8E700E9D733 /* ViewController.swift */ = {isa = PBXFileReference; lastKnownFileType = sourcecode.swift; path = ViewController.swift; sourceTree = "<group>"; };
		4E8DC16C1C56E8E700E9D733 /* Base */ = {isa = PBXFileReference; lastKnownFileType = file.storyboard; name = Base; path = Base.lproj/Main.storyboard; sourceTree = "<group>"; };
		4E8DC16E1C56E8E700E9D733 /* Assets.xcassets */ = {isa = PBXFileReference; lastKnownFileType = folder.assetcatalog; path = Assets.xcassets; sourceTree = "<group>"; };
		4E8DC1711C56E8E700E9D733 /* Base */ = {isa = PBXFileReference; lastKnownFileType = file.storyboard; name = Base; path = Base.lproj/LaunchScreen.storyboard; sourceTree = "<group>"; };
		4E8DC1731C56E8E700E9D733 /* Info.plist */ = {isa = PBXFileReference; lastKnownFileType = text.plist.xml; path = Info.plist; sourceTree = "<group>"; };
		4E8DC1771C56E90000E9D733 /* SITUBluetooth.framework */ = {isa = PBXFileReference; lastKnownFileType = wrapper.framework; path = SITUBluetooth.framework; sourceTree = "<group>"; };
/* End PBXFileReference section */

/* Begin PBXFrameworksBuildPhase section */
		4E69774A1B7EA4510072D46C /* Frameworks */ = {
			isa = PBXFrameworksBuildPhase;
			buildActionMask = 2147483647;
			files = (
				4E6977921B7EA6E80072D46C /* libSITUBluetoothOSX.a in Frameworks */,
			);
			runOnlyForDeploymentPostprocessing = 0;
		};
		4E7837901B45C47C0015E2FA /* Frameworks */ = {
			isa = PBXFrameworksBuildPhase;
			buildActionMask = 2147483647;
			files = (
				4E7837D41B45FAE70015E2FA /* libSITUBluetooth.a in Frameworks */,
			);
			runOnlyForDeploymentPostprocessing = 0;
		};
		4E8DC1621C56E8E700E9D733 /* Frameworks */ = {
			isa = PBXFrameworksBuildPhase;
			buildActionMask = 2147483647;
			files = (
				4E8DC1781C56E90000E9D733 /* SITUBluetooth.framework in Frameworks */,
			);
			runOnlyForDeploymentPostprocessing = 0;
		};
/* End PBXFrameworksBuildPhase section */

/* Begin PBXGroup section */
		4E69774E1B7EA4510072D46C /* SITUBluetoothSampleOSX */ = {
			isa = PBXGroup;
			children = (
				4E6977511B7EA4510072D46C /* AppDelegate.h */,
				4E6977521B7EA4510072D46C /* AppDelegate.m */,
				4E6977561B7EA4510072D46C /* ViewController.h */,
				4E6977571B7EA4510072D46C /* ViewController.m */,
				4E6977591B7EA4510072D46C /* Images.xcassets */,
				4E69775B1B7EA4510072D46C /* Main.storyboard */,
				4E69774F1B7EA4510072D46C /* Supporting Files */,
			);
			path = SITUBluetoothSampleOSX;
			sourceTree = "<group>";
		};
		4E69774F1B7EA4510072D46C /* Supporting Files */ = {
			isa = PBXGroup;
			children = (
				4E6977501B7EA4510072D46C /* Info.plist */,
				4E6977541B7EA4510072D46C /* main.m */,
			);
			name = "Supporting Files";
			sourceTree = "<group>";
		};
		4E78378A1B45C47C0015E2FA = {
			isa = PBXGroup;
			children = (
				4E8DC1601C56E84A00E9D733 /* Frameworks */,
				4E7837CF1B45FAE70015E2FA /* SITUBluetoothLib */,
				4E7837951B45C47C0015E2FA /* SITUBluetoothSample */,
				4E8DC1661C56E8E700E9D733 /* SITUBluetoothSwiftSample */,
				4E69774E1B7EA4510072D46C /* SITUBluetoothSampleOSX */,
				4E7837941B45C47C0015E2FA /* Products */,
			);
			sourceTree = "<group>";
		};
		4E7837941B45C47C0015E2FA /* Products */ = {
			isa = PBXGroup;
			children = (
				4E7837931B45C47C0015E2FA /* SITUBluetoothSample.app */,
				4E69774D1B7EA4510072D46C /* SITUBluetoothSampleOSX.app */,
				4E8DC1651C56E8E700E9D733 /* SITUBluetoothSwiftSample.app */,
			);
			name = Products;
			sourceTree = "<group>";
		};
		4E7837951B45C47C0015E2FA /* SITUBluetoothSample */ = {
			isa = PBXGroup;
			children = (
				4E78379A1B45C47C0015E2FA /* AppDelegate.h */,
				4E78379B1B45C47C0015E2FA /* AppDelegate.m */,
				4E78379D1B45C47C0015E2FA /* ViewController.h */,
				4E78379E1B45C47C0015E2FA /* ViewController.m */,
				4E7837A01B45C47C0015E2FA /* Main.storyboard */,
				4E7837A31B45C47C0015E2FA /* Images.xcassets */,
				4E7837A51B45C47C0015E2FA /* LaunchScreen.xib */,
				4E7837961B45C47C0015E2FA /* Supporting Files */,
			);
			path = SITUBluetoothSample;
			sourceTree = "<group>";
		};
		4E7837961B45C47C0015E2FA /* Supporting Files */ = {
			isa = PBXGroup;
			children = (
				4E7837971B45C47C0015E2FA /* Info.plist */,
				4E7837981B45C47C0015E2FA /* main.m */,
			);
			name = "Supporting Files";
			sourceTree = "<group>";
		};
		4E7837CF1B45FAE70015E2FA /* SITUBluetoothLib */ = {
			isa = PBXGroup;
			children = (
				4E7837D01B45FAE70015E2FA /* inc */,
				4E7837D21B45FAE70015E2FA /* lib */,
			);
			path = SITUBluetoothLib;
			sourceTree = "<group>";
		};
		4E7837D01B45FAE70015E2FA /* inc */ = {
			isa = PBXGroup;
			children = (
				4E7837D11B45FAE70015E2FA /* SITUBluetoothScaleController.h */,
			);
			path = inc;
			sourceTree = "<group>";
		};
		4E7837D21B45FAE70015E2FA /* lib */ = {
			isa = PBXGroup;
			children = (
				4E7837D31B45FAE70015E2FA /* libSITUBluetooth.a */,
				4E6977911B7EA6E80072D46C /* libSITUBluetoothOSX.a */,
			);
			path = lib;
			sourceTree = "<group>";
		};
		4E8DC1601C56E84A00E9D733 /* Frameworks */ = {
			isa = PBXGroup;
			children = (
				4E8DC1771C56E90000E9D733 /* SITUBluetooth.framework */,
			);
			name = Frameworks;
			sourceTree = "<group>";
		};
		4E8DC1661C56E8E700E9D733 /* SITUBluetoothSwiftSample */ = {
			isa = PBXGroup;
			children = (
				4E8DC1671C56E8E700E9D733 /* AppDelegate.swift */,
				4E8DC1691C56E8E700E9D733 /* ViewController.swift */,
				4E8DC16B1C56E8E700E9D733 /* Main.storyboard */,
				4E8DC16E1C56E8E700E9D733 /* Assets.xcassets */,
				4E8DC1701C56E8E700E9D733 /* LaunchScreen.storyboard */,
				4E8DC1731C56E8E700E9D733 /* Info.plist */,
			);
			path = SITUBluetoothSwiftSample;
			sourceTree = "<group>";
		};
/* End PBXGroup section */

/* Begin PBXNativeTarget section */
		4E69774C1B7EA4510072D46C /* SITUBluetoothSampleOSX */ = {
			isa = PBXNativeTarget;
			buildConfigurationList = 4E69776A1B7EA4520072D46C /* Build configuration list for PBXNativeTarget "SITUBluetoothSampleOSX" */;
			buildPhases = (
				4E6977491B7EA4510072D46C /* Sources */,
				4E69774A1B7EA4510072D46C /* Frameworks */,
				4E69774B1B7EA4510072D46C /* Resources */,
			);
			buildRules = (
			);
			dependencies = (
			);
			name = SITUBluetoothSampleOSX;
			productName = SITUBluetoothSampleOSX;
			productReference = 4E69774D1B7EA4510072D46C /* SITUBluetoothSampleOSX.app */;
			productType = "com.apple.product-type.application";
		};
		4E7837921B45C47C0015E2FA /* SITUBluetoothSample */ = {
			isa = PBXNativeTarget;
			buildConfigurationList = 4E7837B61B45C47C0015E2FA /* Build configuration list for PBXNativeTarget "SITUBluetoothSample" */;
			buildPhases = (
				4E78378F1B45C47C0015E2FA /* Sources */,
				4E7837901B45C47C0015E2FA /* Frameworks */,
				4E7837911B45C47C0015E2FA /* Resources */,
			);
			buildRules = (
			);
			dependencies = (
			);
			name = SITUBluetoothSample;
			productName = SITUBluetoothSample;
			productReference = 4E7837931B45C47C0015E2FA /* SITUBluetoothSample.app */;
			productType = "com.apple.product-type.application";
		};
		4E8DC1641C56E8E700E9D733 /* SITUBluetoothSwiftSample */ = {
			isa = PBXNativeTarget;
			buildConfigurationList = 4E8DC1741C56E8E700E9D733 /* Build configuration list for PBXNativeTarget "SITUBluetoothSwiftSample" */;
			buildPhases = (
				4E8DC1611C56E8E700E9D733 /* Sources */,
				4E8DC1621C56E8E700E9D733 /* Frameworks */,
				4E8DC1631C56E8E700E9D733 /* Resources */,
				4E8DC17B1C56EBB300E9D733 /* Embed Frameworks */,
			);
			buildRules = (
			);
			dependencies = (
			);
			name = SITUBluetoothSwiftSample;
			productName = SITUBluetoothSwiftSample;
			productReference = 4E8DC1651C56E8E700E9D733 /* SITUBluetoothSwiftSample.app */;
			productType = "com.apple.product-type.application";
		};
/* End PBXNativeTarget section */

/* Begin PBXProject section */
		4E78378B1B45C47C0015E2FA /* Project object */ = {
			isa = PBXProject;
			attributes = {
				LastSwiftUpdateCheck = 0720;
				LastUpgradeCheck = 0620;
				ORGANIZATIONNAME = SITU;
				TargetAttributes = {
					4E69774C1B7EA4510072D46C = {
						CreatedOnToolsVersion = 6.2;
					};
					4E7837921B45C47C0015E2FA = {
						CreatedOnToolsVersion = 6.2;
					};
					4E8DC1641C56E8E700E9D733 = {
						CreatedOnToolsVersion = 7.2;
					};
				};
			};
			buildConfigurationList = 4E78378E1B45C47C0015E2FA /* Build configuration list for PBXProject "SITUBluetoothSample" */;
			compatibilityVersion = "Xcode 3.2";
			developmentRegion = English;
			hasScannedForEncodings = 0;
			knownRegions = (
				en,
				Base,
			);
			mainGroup = 4E78378A1B45C47C0015E2FA;
			productRefGroup = 4E7837941B45C47C0015E2FA /* Products */;
			projectDirPath = "";
			projectRoot = "";
			targets = (
				4E7837921B45C47C0015E2FA /* SITUBluetoothSample */,
				4E8DC1641C56E8E700E9D733 /* SITUBluetoothSwiftSample */,
				4E69774C1B7EA4510072D46C /* SITUBluetoothSampleOSX */,
			);
		};
/* End PBXProject section */

/* Begin PBXResourcesBuildPhase section */
		4E69774B1B7EA4510072D46C /* Resources */ = {
			isa = PBXResourcesBuildPhase;
			buildActionMask = 2147483647;
			files = (
				4E69775A1B7EA4510072D46C /* Images.xcassets in Resources */,
				4E69775D1B7EA4510072D46C /* Main.storyboard in Resources */,
			);
			runOnlyForDeploymentPostprocessing = 0;
		};
		4E7837911B45C47C0015E2FA /* Resources */ = {
			isa = PBXResourcesBuildPhase;
			buildActionMask = 2147483647;
			files = (
				4E7837A21B45C47C0015E2FA /* Main.storyboard in Resources */,
				4E7837A71B45C47C0015E2FA /* LaunchScreen.xib in Resources */,
				4E7837A41B45C47C0015E2FA /* Images.xcassets in Resources */,
			);
			runOnlyForDeploymentPostprocessing = 0;
		};
		4E8DC1631C56E8E700E9D733 /* Resources */ = {
			isa = PBXResourcesBuildPhase;
			buildActionMask = 2147483647;
			files = (
				4E8DC1721C56E8E700E9D733 /* LaunchScreen.storyboard in Resources */,
				4E8DC16F1C56E8E700E9D733 /* Assets.xcassets in Resources */,
				4E8DC16D1C56E8E700E9D733 /* Main.storyboard in Resources */,
			);
			runOnlyForDeploymentPostprocessing = 0;
		};
/* End PBXResourcesBuildPhase section */

/* Begin PBXSourcesBuildPhase section */
		4E6977491B7EA4510072D46C /* Sources */ = {
			isa = PBXSourcesBuildPhase;
			buildActionMask = 2147483647;
			files = (
				4E6977581B7EA4510072D46C /* ViewController.m in Sources */,
				4E6977551B7EA4510072D46C /* main.m in Sources */,
				4E6977531B7EA4510072D46C /* AppDelegate.m in Sources */,
			);
			runOnlyForDeploymentPostprocessing = 0;
		};
		4E78378F1B45C47C0015E2FA /* Sources */ = {
			isa = PBXSourcesBuildPhase;
			buildActionMask = 2147483647;
			files = (
				4E78379F1B45C47C0015E2FA /* ViewController.m in Sources */,
				4E78379C1B45C47C0015E2FA /* AppDelegate.m in Sources */,
				4E7837991B45C47C0015E2FA /* main.m in Sources */,
			);
			runOnlyForDeploymentPostprocessing = 0;
		};
		4E8DC1611C56E8E700E9D733 /* Sources */ = {
			isa = PBXSourcesBuildPhase;
			buildActionMask = 2147483647;
			files = (
				4E8DC16A1C56E8E700E9D733 /* ViewController.swift in Sources */,
				4E8DC1681C56E8E700E9D733 /* AppDelegate.swift in Sources */,
			);
			runOnlyForDeploymentPostprocessing = 0;
		};
/* End PBXSourcesBuildPhase section */

/* Begin PBXVariantGroup section */
		4E69775B1B7EA4510072D46C /* Main.storyboard */ = {
			isa = PBXVariantGroup;
			children = (
				4E69775C1B7EA4510072D46C /* Base */,
			);
			name = Main.storyboard;
			sourceTree = "<group>";
		};
		4E7837A01B45C47C0015E2FA /* Main.storyboard */ = {
			isa = PBXVariantGroup;
			children = (
				4E7837A11B45C47C0015E2FA /* Base */,
			);
			name = Main.storyboard;
			sourceTree = "<group>";
		};
		4E7837A51B45C47C0015E2FA /* LaunchScreen.xib */ = {
			isa = PBXVariantGroup;
			children = (
				4E7837A61B45C47C0015E2FA /* Base */,
			);
			name = LaunchScreen.xib;
			sourceTree = "<group>";
		};
		4E8DC16B1C56E8E700E9D733 /* Main.storyboard */ = {
			isa = PBXVariantGroup;
			children = (
				4E8DC16C1C56E8E700E9D733 /* Base */,
			);
			name = Main.storyboard;
			sourceTree = "<group>";
		};
		4E8DC1701C56E8E700E9D733 /* LaunchScreen.storyboard */ = {
			isa = PBXVariantGroup;
			children = (
				4E8DC1711C56E8E700E9D733 /* Base */,
			);
			name = LaunchScreen.storyboard;
			sourceTree = "<group>";
		};
/* End PBXVariantGroup section */

/* Begin XCBuildConfiguration section */
		4E69776B1B7EA4520072D46C /* Debug */ = {
			isa = XCBuildConfiguration;
			buildSettings = {
				ASSETCATALOG_COMPILER_APPICON_NAME = AppIcon;
				CODE_SIGN_IDENTITY = "-";
				COMBINE_HIDPI_IMAGES = YES;
				DEBUG_INFORMATION_FORMAT = dwarf;
				GCC_PREPROCESSOR_DEFINITIONS = (
					"DEBUG=1",
					"$(inherited)",
				);
				INFOPLIST_FILE = SITUBluetoothSampleOSX/Info.plist;
				LD_RUNPATH_SEARCH_PATHS = "$(inherited) @executable_path/../Frameworks";
				LIBRARY_SEARCH_PATHS = (
					"$(inherited)",
					"$(PROJECT_DIR)/SITUBluetoothLib/lib",
				);
				MACOSX_DEPLOYMENT_TARGET = 10.10;
				PRODUCT_NAME = "$(TARGET_NAME)";
				SDKROOT = macosx;
			};
			name = Debug;
		};
		4E69776C1B7EA4520072D46C /* Release */ = {
			isa = XCBuildConfiguration;
			buildSettings = {
				ASSETCATALOG_COMPILER_APPICON_NAME = AppIcon;
				CODE_SIGN_IDENTITY = "-";
				COMBINE_HIDPI_IMAGES = YES;
				DEBUG_INFORMATION_FORMAT = "dwarf-with-dsym";
				INFOPLIST_FILE = SITUBluetoothSampleOSX/Info.plist;
				LD_RUNPATH_SEARCH_PATHS = "$(inherited) @executable_path/../Frameworks";
				LIBRARY_SEARCH_PATHS = (
					"$(inherited)",
					"$(PROJECT_DIR)/SITUBluetoothLib/lib",
				);
				MACOSX_DEPLOYMENT_TARGET = 10.10;
				PRODUCT_NAME = "$(TARGET_NAME)";
				SDKROOT = macosx;
			};
			name = Release;
		};
		4E7837B41B45C47C0015E2FA /* Debug */ = {
			isa = XCBuildConfiguration;
			buildSettings = {
				ALWAYS_SEARCH_USER_PATHS = NO;
				CLANG_CXX_LANGUAGE_STANDARD = "gnu++0x";
				CLANG_CXX_LIBRARY = "libc++";
				CLANG_ENABLE_MODULES = YES;
				CLANG_ENABLE_OBJC_ARC = YES;
				CLANG_WARN_BOOL_CONVERSION = YES;
				CLANG_WARN_CONSTANT_CONVERSION = YES;
				CLANG_WARN_DIRECT_OBJC_ISA_USAGE = YES_ERROR;
				CLANG_WARN_EMPTY_BODY = YES;
				CLANG_WARN_ENUM_CONVERSION = YES;
				CLANG_WARN_INT_CONVERSION = YES;
				CLANG_WARN_OBJC_ROOT_CLASS = YES_ERROR;
				CLANG_WARN_UNREACHABLE_CODE = YES;
				CLANG_WARN__DUPLICATE_METHOD_MATCH = YES;
				"CODE_SIGN_IDENTITY[sdk=iphoneos*]" = "iPhone Developer";
				COPY_PHASE_STRIP = NO;
				ENABLE_STRICT_OBJC_MSGSEND = YES;
				GCC_C_LANGUAGE_STANDARD = gnu99;
				GCC_DYNAMIC_NO_PIC = NO;
				GCC_OPTIMIZATION_LEVEL = 0;
				GCC_PREPROCESSOR_DEFINITIONS = (
					"DEBUG=1",
					"$(inherited)",
				);
				GCC_SYMBOLS_PRIVATE_EXTERN = NO;
				GCC_WARN_64_TO_32_BIT_CONVERSION = YES;
				GCC_WARN_ABOUT_RETURN_TYPE = YES_ERROR;
				GCC_WARN_UNDECLARED_SELECTOR = YES;
				GCC_WARN_UNINITIALIZED_AUTOS = YES_AGGRESSIVE;
				GCC_WARN_UNUSED_FUNCTION = YES;
				GCC_WARN_UNUSED_VARIABLE = YES;
				IPHONEOS_DEPLOYMENT_TARGET = 8.2;
				MTL_ENABLE_DEBUG_INFO = YES;
				ONLY_ACTIVE_ARCH = YES;
				SDKROOT = iphoneos;
				TARGETED_DEVICE_FAMILY = "1,2";
			};
			name = Debug;
		};
		4E7837B51B45C47C0015E2FA /* Release */ = {
			isa = XCBuildConfiguration;
			buildSettings = {
				ALWAYS_SEARCH_USER_PATHS = NO;
				CLANG_CXX_LANGUAGE_STANDARD = "gnu++0x";
				CLANG_CXX_LIBRARY = "libc++";
				CLANG_ENABLE_MODULES = YES;
				CLANG_ENABLE_OBJC_ARC = YES;
				CLANG_WARN_BOOL_CONVERSION = YES;
				CLANG_WARN_CONSTANT_CONVERSION = YES;
				CLANG_WARN_DIRECT_OBJC_ISA_USAGE = YES_ERROR;
				CLANG_WARN_EMPTY_BODY = YES;
				CLANG_WARN_ENUM_CONVERSION = YES;
				CLANG_WARN_INT_CONVERSION = YES;
				CLANG_WARN_OBJC_ROOT_CLASS = YES_ERROR;
				CLANG_WARN_UNREACHABLE_CODE = YES;
				CLANG_WARN__DUPLICATE_METHOD_MATCH = YES;
				"CODE_SIGN_IDENTITY[sdk=iphoneos*]" = "iPhone Developer";
				COPY_PHASE_STRIP = NO;
				ENABLE_NS_ASSERTIONS = NO;
				ENABLE_STRICT_OBJC_MSGSEND = YES;
				GCC_C_LANGUAGE_STANDARD = gnu99;
				GCC_WARN_64_TO_32_BIT_CONVERSION = YES;
				GCC_WARN_ABOUT_RETURN_TYPE = YES_ERROR;
				GCC_WARN_UNDECLARED_SELECTOR = YES;
				GCC_WARN_UNINITIALIZED_AUTOS = YES_AGGRESSIVE;
				GCC_WARN_UNUSED_FUNCTION = YES;
				GCC_WARN_UNUSED_VARIABLE = YES;
				IPHONEOS_DEPLOYMENT_TARGET = 8.2;
				MTL_ENABLE_DEBUG_INFO = NO;
				SDKROOT = iphoneos;
				TARGETED_DEVICE_FAMILY = "1,2";
				VALIDATE_PRODUCT = YES;
			};
			name = Release;
		};
		4E7837B71B45C47C0015E2FA /* Debug */ = {
			isa = XCBuildConfiguration;
			buildSettings = {
				ASSETCATALOG_COMPILER_APPICON_NAME = AppIcon;
				DEBUG_INFORMATION_FORMAT = dwarf;
				HEADER_SEARCH_PATHS = (
					"$(inherited)",
					/Applications/Xcode.app/Contents/Developer/Toolchains/XcodeDefault.xctoolchain/usr/include,
				);
				INFOPLIST_FILE = SITUBluetoothSample/Info.plist;
				IPHONEOS_DEPLOYMENT_TARGET = 8.0;
				LD_RUNPATH_SEARCH_PATHS = "$(inherited) @executable_path/Frameworks";
				LIBRARY_SEARCH_PATHS = (
					"$(inherited)",
					"$(PROJECT_DIR)/SITUBluetoothLib/lib",
				);
				PRODUCT_NAME = "$(TARGET_NAME)";
			};
			name = Debug;
		};
		4E7837B81B45C47C0015E2FA /* Release */ = {
			isa = XCBuildConfiguration;
			buildSettings = {
				ASSETCATALOG_COMPILER_APPICON_NAME = AppIcon;
				HEADER_SEARCH_PATHS = (
					"$(inherited)",
					/Applications/Xcode.app/Contents/Developer/Toolchains/XcodeDefault.xctoolchain/usr/include,
				);
				INFOPLIST_FILE = SITUBluetoothSample/Info.plist;
				IPHONEOS_DEPLOYMENT_TARGET = 8.0;
				LD_RUNPATH_SEARCH_PATHS = "$(inherited) @executable_path/Frameworks";
				LIBRARY_SEARCH_PATHS = (
					"$(inherited)",
					"$(PROJECT_DIR)/SITUBluetoothLib/lib",
				);
				PRODUCT_NAME = "$(TARGET_NAME)";
			};
			name = Release;
		};
		4E8DC1751C56E8E700E9D733 /* Debug */ = {
			isa = XCBuildConfiguration;
			buildSettings = {
				ASSETCATALOG_COMPILER_APPICON_NAME = AppIcon;
				DEBUG_INFORMATION_FORMAT = dwarf;
				ENABLE_TESTABILITY = YES;
				FRAMEWORK_SEARCH_PATHS = (
					"$(inherited)",
					"$(PROJECT_DIR)",
				);
				GCC_NO_COMMON_BLOCKS = YES;
				INFOPLIST_FILE = SITUBluetoothSwiftSample/Info.plist;
				IPHONEOS_DEPLOYMENT_TARGET = 8.4;
				LD_RUNPATH_SEARCH_PATHS = "$(inherited) @executable_path/Frameworks";
				PRODUCT_BUNDLE_IDENTIFIER = com.situ.situscale.SITUBluetoothSwiftSample;
				PRODUCT_NAME = "$(TARGET_NAME)";
				SWIFT_OPTIMIZATION_LEVEL = "-Onone";
			};
			name = Debug;
		};
		4E8DC1761C56E8E700E9D733 /* Release */ = {
			isa = XCBuildConfiguration;
			buildSettings = {
				ASSETCATALOG_COMPILER_APPICON_NAME = AppIcon;
				DEBUG_INFORMATION_FORMAT = "dwarf-with-dsym";
				FRAMEWORK_SEARCH_PATHS = (
					"$(inherited)",
					"$(PROJECT_DIR)",
				);
				GCC_NO_COMMON_BLOCKS = YES;
				INFOPLIST_FILE = SITUBluetoothSwiftSample/Info.plist;
				IPHONEOS_DEPLOYMENT_TARGET = 8.4;
				LD_RUNPATH_SEARCH_PATHS = "$(inherited) @executable_path/Frameworks";
				PRODUCT_BUNDLE_IDENTIFIER = com.situ.situscale.SITUBluetoothSwiftSample;
				PRODUCT_NAME = "$(TARGET_NAME)";
			};
			name = Release;
		};
/* End XCBuildConfiguration section */

/* Begin XCConfigurationList section */
		4E69776A1B7EA4520072D46C /* Build configuration list for PBXNativeTarget "SITUBluetoothSampleOSX" */ = {
			isa = XCConfigurationList;
			buildConfigurations = (
				4E69776B1B7EA4520072D46C /* Debug */,
				4E69776C1B7EA4520072D46C /* Release */,
			);
			defaultConfigurationIsVisible = 0;
			defaultConfigurationName = Release;
		};
		4E78378E1B45C47C0015E2FA /* Build configuration list for PBXProject "SITUBluetoothSample" */ = {
			isa = XCConfigurationList;
			buildConfigurations = (
				4E7837B41B45C47C0015E2FA /* Debug */,
				4E7837B51B45C47C0015E2FA /* Release */,
			);
			defaultConfigurationIsVisible = 0;
			defaultConfigurationName = Release;
		};
		4E7837B61B45C47C0015E2FA /* Build configuration list for PBXNativeTarget "SITUBluetoothSample" */ = {
			isa = XCConfigurationList;
			buildConfigurations = (
				4E7837B71B45C47C0015E2FA /* Debug */,
				4E7837B81B45C47C0015E2FA /* Release */,
			);
			defaultConfigurationIsVisible = 0;
			defaultConfigurationName = Release;
		};
		4E8DC1741C56E8E700E9D733 /* Build configuration list for PBXNativeTarget "SITUBluetoothSwiftSample" */ = {
			isa = XCConfigurationList;
			buildConfigurations = (
				4E8DC1751C56E8E700E9D733 /* Debug */,
				4E8DC1761C56E8E700E9D733 /* Release */,
			);
			defaultConfigurationIsVisible = 0;
		};
/* End XCConfigurationList section */
	};
	rootObject = 4E78378B1B45C47C0015E2FA /* Project object */;
}
